// !$*UTF8*$!
{
	archiveVersion = 1;
	classes = {
	};
	objectVersion = 48;
	objects = {

/* Begin PBXBuildFile section */
		9521A4101F7D52F6008A8F67 /* Category.swift in Sources */ = {isa = PBXBuildFile; fileRef = 9521A40F1F7D52F6008A8F67 /* Category.swift */; };
		9521A4131F7D5475008A8F67 /* DataService.swift in Sources */ = {isa = PBXBuildFile; fileRef = 9521A4121F7D5475008A8F67 /* DataService.swift */; };
		955A0F221F7D39430027083A /* AppDelegate.swift in Sources */ = {isa = PBXBuildFile; fileRef = 955A0F211F7D39430027083A /* AppDelegate.swift */; };
		955A0F241F7D39430027083A /* CategoriesVC.swift in Sources */ = {isa = PBXBuildFile; fileRef = 955A0F231F7D39430027083A /* CategoriesVC.swift */; };
		955A0F271F7D39430027083A /* Main.storyboard in Resources */ = {isa = PBXBuildFile; fileRef = 955A0F251F7D39430027083A /* Main.storyboard */; };
		955A0F291F7D39430027083A /* Assets.xcassets in Resources */ = {isa = PBXBuildFile; fileRef = 955A0F281F7D39430027083A /* Assets.xcassets */; };
		955A0F2C1F7D39430027083A /* LaunchScreen.storyboard in Resources */ = {isa = PBXBuildFile; fileRef = 955A0F2A1F7D39430027083A /* LaunchScreen.storyboard */; };
		955A0F371F7D3E030027083A /* CategoryCell.swift in Sources */ = {isa = PBXBuildFile; fileRef = 955A0F361F7D3E030027083A /* CategoryCell.swift */; };
		959B45121F827D8900D9C3CE /* ProductCell.swift in Sources */ = {isa = PBXBuildFile; fileRef = 959B45111F827D8900D9C3CE /* ProductCell.swift */; };
		959B45141F827E6600D9C3CE /* Product.swift in Sources */ = {isa = PBXBuildFile; fileRef = 959B45131F827E6600D9C3CE /* Product.swift */; };
		95F084B31F8FAF570013CE0F /* ProductsVC.swift in Sources */ = {isa = PBXBuildFile; fileRef = 95F084B21F8FAF570013CE0F /* ProductsVC.swift */; };
/* End PBXBuildFile section */

/* Begin PBXFileReference section */
		9521A40F1F7D52F6008A8F67 /* Category.swift */ = {isa = PBXFileReference; lastKnownFileType = sourcecode.swift; path = Category.swift; sourceTree = "<group>"; };
		9521A4121F7D5475008A8F67 /* DataService.swift */ = {isa = PBXFileReference; lastKnownFileType = sourcecode.swift; path = DataService.swift; sourceTree = "<group>"; };
		955A0F1E1F7D39430027083A /* coder-swag.app */ = {isa = PBXFileReference; explicitFileType = wrapper.application; includeInIndex = 0; path = "coder-swag.app"; sourceTree = BUILT_PRODUCTS_DIR; };
		955A0F211F7D39430027083A /* AppDelegate.swift */ = {isa = PBXFileReference; lastKnownFileType = sourcecode.swift; path = AppDelegate.swift; sourceTree = "<group>"; };
		955A0F231F7D39430027083A /* CategoriesVC.swift */ = {isa = PBXFileReference; lastKnownFileType = sourcecode.swift; path = CategoriesVC.swift; sourceTree = "<group>"; };
		955A0F261F7D39430027083A /* Base */ = {isa = PBXFileReference; lastKnownFileType = file.storyboard; name = Base; path = Base.lproj/Main.storyboard; sourceTree = "<group>"; };
		955A0F281F7D39430027083A /* Assets.xcassets */ = {isa = PBXFileReference; lastKnownFileType = folder.assetcatalog; path = Assets.xcassets; sourceTree = "<group>"; };
		955A0F2B1F7D39430027083A /* Base */ = {isa = PBXFileReference; lastKnownFileType = file.storyboard; name = Base; path = Base.lproj/LaunchScreen.storyboard; sourceTree = "<group>"; };
		955A0F2D1F7D39430027083A /* Info.plist */ = {isa = PBXFileReference; lastKnownFileType = text.plist.xml; path = Info.plist; sourceTree = "<group>"; };
		955A0F361F7D3E030027083A /* CategoryCell.swift */ = {isa = PBXFileReference; lastKnownFileType = sourcecode.swift; path = CategoryCell.swift; sourceTree = "<group>"; };
		959B45111F827D8900D9C3CE /* ProductCell.swift */ = {isa = PBXFileReference; lastKnownFileType = sourcecode.swift; path = ProductCell.swift; sourceTree = "<group>"; };
		959B45131F827E6600D9C3CE /* Product.swift */ = {isa = PBXFileReference; lastKnownFileType = sourcecode.swift; path = Product.swift; sourceTree = "<group>"; };
		95F084B21F8FAF570013CE0F /* ProductsVC.swift */ = {isa = PBXFileReference; lastKnownFileType = sourcecode.swift; path = ProductsVC.swift; sourceTree = "<group>"; };
/* End PBXFileReference section */

/* Begin PBXFrameworksBuildPhase section */
		955A0F1B1F7D39430027083A /* Frameworks */ = {
			isa = PBXFrameworksBuildPhase;
			buildActionMask = 2147483647;
			files = (
			);
			runOnlyForDeploymentPostprocessing = 0;
		};
/* End PBXFrameworksBuildPhase section */

/* Begin PBXGroup section */
		9521A4111F7D5463008A8F67 /* Services */ = {
			isa = PBXGroup;
			children = (
				9521A4121F7D5475008A8F67 /* DataService.swift */,
			);
			path = Services;
			sourceTree = "<group>";
		};
		955A0F151F7D39430027083A = {
			isa = PBXGroup;
			children = (
				955A0F201F7D39430027083A /* coder-swag */,
				955A0F1F1F7D39430027083A /* Products */,
			);
			sourceTree = "<group>";
		};
		955A0F1F1F7D39430027083A /* Products */ = {
			isa = PBXGroup;
			children = (
				955A0F1E1F7D39430027083A /* coder-swag.app */,
			);
			name = Products;
			sourceTree = "<group>";
		};
		955A0F201F7D39430027083A /* coder-swag */ = {
			isa = PBXGroup;
			children = (
				9521A4111F7D5463008A8F67 /* Services */,
				955A0F351F7D3D5C0027083A /* View */,
				955A0F341F7D3D570027083A /* Model */,
				955A0F331F7D3D510027083A /* Controller */,
				955A0F281F7D39430027083A /* Assets.xcassets */,
				955A0F2D1F7D39430027083A /* Info.plist */,
			);
			path = "coder-swag";
			sourceTree = "<group>";
		};
		955A0F331F7D3D510027083A /* Controller */ = {
			isa = PBXGroup;
			children = (
				955A0F211F7D39430027083A /* AppDelegate.swift */,
				955A0F231F7D39430027083A /* CategoriesVC.swift */,
				95F084B21F8FAF570013CE0F /* ProductsVC.swift */,
			);
			path = Controller;
			sourceTree = "<group>";
		};
		955A0F341F7D3D570027083A /* Model */ = {
			isa = PBXGroup;
			children = (
				9521A40F1F7D52F6008A8F67 /* Category.swift */,
				959B45131F827E6600D9C3CE /* Product.swift */,
			);
			path = Model;
			sourceTree = "<group>";
		};
		955A0F351F7D3D5C0027083A /* View */ = {
			isa = PBXGroup;
			children = (
				955A0F251F7D39430027083A /* Main.storyboard */,
				955A0F2A1F7D39430027083A /* LaunchScreen.storyboard */,
				955A0F361F7D3E030027083A /* CategoryCell.swift */,
				959B45111F827D8900D9C3CE /* ProductCell.swift */,
			);
			path = View;
			sourceTree = "<group>";
		};
/* End PBXGroup section */

/* Begin PBXNativeTarget section */
		955A0F1D1F7D39430027083A /* coder-swag */ = {
			isa = PBXNativeTarget;
			buildConfigurationList = 955A0F301F7D39430027083A /* Build configuration list for PBXNativeTarget "coder-swag" */;
			buildPhases = (
				955A0F1A1F7D39430027083A /* Sources */,
				955A0F1B1F7D39430027083A /* Frameworks */,
				955A0F1C1F7D39430027083A /* Resources */,
			);
			buildRules = (
			);
			dependencies = (
			);
			name = "coder-swag";
			productName = "coder-swag";
			productReference = 955A0F1E1F7D39430027083A /* coder-swag.app */;
			productType = "com.apple.product-type.application";
		};
/* End PBXNativeTarget section */

/* Begin PBXProject section */
		955A0F161F7D39430027083A /* Project object */ = {
			isa = PBXProject;
			attributes = {
				LastSwiftUpdateCheck = 0900;
				LastUpgradeCheck = 0900;
				ORGANIZATIONNAME = "Dennis Magnusson";
				TargetAttributes = {
					955A0F1D1F7D39430027083A = {
						CreatedOnToolsVersion = 9.0;
						ProvisioningStyle = Automatic;
					};
				};
			};
			buildConfigurationList = 955A0F191F7D39430027083A /* Build configuration list for PBXProject "coder-swag" */;
			compatibilityVersion = "Xcode 8.0";
			developmentRegion = en;
			hasScannedForEncodings = 0;
			knownRegions = (
				en,
				Base,
			);
			mainGroup = 955A0F151F7D39430027083A;
			productRefGroup = 955A0F1F1F7D39430027083A /* Products */;
			projectDirPath = "";
			projectRoot = "";
			targets = (
				955A0F1D1F7D39430027083A /* coder-swag */,
			);
		};
/* End PBXProject section */

/* Begin PBXResourcesBuildPhase section */
		955A0F1C1F7D39430027083A /* Resources */ = {
			isa = PBXResourcesBuildPhase;
			buildActionMask = 2147483647;
			files = (
				955A0F2C1F7D39430027083A /* LaunchScreen.storyboard in Resources */,
				955A0F291F7D39430027083A /* Assets.xcassets in Resources */,
				955A0F271F7D39430027083A /* Main.storyboard in Resources */,
			);
			runOnlyForDeploymentPostprocessing = 0;
		};
/* End PBXResourcesBuildPhase section */

/* Begin PBXSourcesBuildPhase section */
		955A0F1A1F7D39430027083A /* Sources */ = {
			isa = PBXSourcesBuildPhase;
			buildActionMask = 2147483647;
			files = (
				95F084B31F8FAF570013CE0F /* ProductsVC.swift in Sources */,
				955A0F241F7D39430027083A /* CategoriesVC.swift in Sources */,
				955A0F221F7D39430027083A /* AppDelegate.swift in Sources */,
				955A0F371F7D3E030027083A /* CategoryCell.swift in Sources */,
				959B45121F827D8900D9C3CE /* ProductCell.swift in Sources */,
				9521A4101F7D52F6008A8F67 /* Category.swift in Sources */,
				9521A4131F7D5475008A8F67 /* DataService.swift in Sources */,
				959B45141F827E6600D9C3CE /* Product.swift in Sources */,
			);
			runOnlyForDeploymentPostprocessing = 0;
		};
/* End PBXSourcesBuildPhase section */

/* Begin PBXVariantGroup section */
		955A0F251F7D39430027083A /* Main.storyboard */ = {
			isa = PBXVariantGroup;
			children = (
				955A0F261F7D39430027083A /* Base */,
			);
			name = Main.storyboard;
			sourceTree = "<group>";
		};
		955A0F2A1F7D39430027083A /* LaunchScreen.storyboard */ = {
			isa = PBXVariantGroup;
			children = (
				955A0F2B1F7D39430027083A /* Base */,
			);
			name = LaunchScreen.storyboard;
			sourceTree = "<group>";
		};
/* End PBXVariantGroup section */

/* Begin XCBuildConfiguration section */
		955A0F2E1F7D39430027083A /* Debug */ = {
			isa = XCBuildConfiguration;
			buildSettings = {
				ALWAYS_SEARCH_USER_PATHS = NO;
				CLANG_ANALYZER_NONNULL = YES;
				CLANG_ANALYZER_NUMBER_OBJECT_CONVERSION = YES_AGGRESSIVE;
				CLANG_CXX_LANGUAGE_STANDARD = "gnu++14";
				CLANG_CXX_LIBRARY = "libc++";
				CLANG_ENABLE_MODULES = YES;
				CLANG_ENABLE_OBJC_ARC = YES;
				CLANG_WARN_BLOCK_CAPTURE_AUTORELEASING = YES;
				CLANG_WARN_BOOL_CONVERSION = YES;
				CLANG_WARN_COMMA = YES;
				CLANG_WARN_CONSTANT_CONVERSION = YES;
				CLANG_WARN_DIRECT_OBJC_ISA_USAGE = YES_ERROR;
				CLANG_WARN_DOCUMENTATION_COMMENTS = YES;
				CLANG_WARN_EMPTY_BODY = YES;
				CLANG_WARN_ENUM_CONVERSION = YES;
				CLANG_WARN_INFINITE_RECURSION = YES;
				CLANG_WARN_INT_CONVERSION = YES;
				CLANG_WARN_NON_LITERAL_NULL_CONVERSION = YES;
				CLANG_WARN_OBJC_LITERAL_CONVERSION = YES;
				CLANG_WARN_OBJC_ROOT_CLASS = YES_ERROR;
				CLANG_WARN_RANGE_LOOP_ANALYSIS = YES;
				CLANG_WARN_STRICT_PROTOTYPES = YES;
				CLANG_WARN_SUSPICIOUS_MOVE = YES;
				CLANG_WARN_UNGUARDED_AVAILABILITY = YES_AGGRESSIVE;
				CLANG_WARN_UNREACHABLE_CODE = YES;
				CLANG_WARN__DUPLICATE_METHOD_MATCH = YES;
				CODE_SIGN_IDENTITY = "iPhone Developer";
				COPY_PHASE_STRIP = NO;
				DEBUG_INFORMATION_FORMAT = dwarf;
				ENABLE_STRICT_OBJC_MSGSEND = YES;
				ENABLE_TESTABILITY = YES;
				GCC_C_LANGUAGE_STANDARD = gnu11;
				GCC_DYNAMIC_NO_PIC = NO;
				GCC_NO_COMMON_BLOCKS = YES;
				GCC_OPTIMIZATION_LEVEL = 0;
				GCC_PREPROCESSOR_DEFINITIONS = (
					"DEBUG=1",
					"$(inherited)",
				);
				GCC_WARN_64_TO_32_BIT_CONVERSION = YES;
				GCC_WARN_ABOUT_RETURN_TYPE = YES_ERROR;
				GCC_WARN_UNDECLARED_SELECTOR = YES;
				GCC_WARN_UNINITIALIZED_AUTOS = YES_AGGRESSIVE;
				GCC_WARN_UNUSED_FUNCTION = YES;
				GCC_WARN_UNUSED_VARIABLE = YES;
				IPHONEOS_DEPLOYMENT_TARGET = 11.0;
				MTL_ENABLE_DEBUG_INFO = YES;
				ONLY_ACTIVE_ARCH = YES;
				SDKROOT = iphoneos;
				SWIFT_ACTIVE_COMPILATION_CONDITIONS = DEBUG;
				SWIFT_OPTIMIZATION_LEVEL = "-Onone";
			};
			name = Debug;
		};
		955A0F2F1F7D39430027083A /* Release */ = {
			isa = XCBuildConfiguration;
			buildSettings = {
				ALWAYS_SEARCH_USER_PATHS = NO;
				CLANG_ANALYZER_NONNULL = YES;
				CLANG_ANALYZER_NUMBER_OBJECT_CONVERSION = YES_AGGRESSIVE;
				CLANG_CXX_LANGUAGE_STANDARD = "gnu++14";
				CLANG_CXX_LIBRARY = "libc++";
				CLANG_ENABLE_MODULES = YES;
				CLANG_ENABLE_OBJC_ARC = YES;
				CLANG_WARN_BLOCK_CAPTURE_AUTORELEASING = YES;
				CLANG_WARN_BOOL_CONVERSION = YES;
				CLANG_WARN_COMMA = YES;
				CLANG_WARN_CONSTANT_CONVERSION = YES;
				CLANG_WARN_DIRECT_OBJC_ISA_USAGE = YES_ERROR;
				CLANG_WARN_DOCUMENTATION_COMMENTS = YES;
				CLANG_WARN_EMPTY_BODY = YES;
				CLANG_WARN_ENUM_CONVERSION = YES;
				CLANG_WARN_INFINITE_RECURSION = YES;
				CLANG_WARN_INT_CONVERSION = YES;
				CLANG_WARN_NON_LITERAL_NULL_CONVERSION = YES;
				CLANG_WARN_OBJC_LITERAL_CONVERSION = YES;
				CLANG_WARN_OBJC_ROOT_CLASS = YES_ERROR;
				CLANG_WARN_RANGE_LOOP_ANALYSIS = YES;
				CLANG_WARN_STRICT_PROTOTYPES = YES;
				CLANG_WARN_SUSPICIOUS_MOVE = YES;
				CLANG_WARN_UNGUARDED_AVAILABILITY = YES_AGGRESSIVE;
				CLANG_WARN_UNREACHABLE_CODE = YES;
				CLANG_WARN__DUPLICATE_METHOD_MATCH = YES;
				CODE_SIGN_IDENTITY = "iPhone Developer";
				COPY_PHASE_STRIP = NO;
				DEBUG_INFORMATION_FORMAT = "dwarf-with-dsym";
				ENABLE_NS_ASSERTIONS = NO;
				ENABLE_STRICT_OBJC_MSGSEND = YES;
				GCC_C_LANGUAGE_STANDARD = gnu11;
				GCC_NO_COMMON_BLOCKS = YES;
				GCC_WARN_64_TO_32_BIT_CONVERSION = YES;
				GCC_WARN_ABOUT_RETURN_TYPE = YES_ERROR;
				GCC_WARN_UNDECLARED_SELECTOR = YES;
				GCC_WARN_UNINITIALIZED_AUTOS = YES_AGGRESSIVE;
				GCC_WARN_UNUSED_FUNCTION = YES;
				GCC_WARN_UNUSED_VARIABLE = YES;
				IPHONEOS_DEPLOYMENT_TARGET = 11.0;
				MTL_ENABLE_DEBUG_INFO = NO;
				SDKROOT = iphoneos;
				SWIFT_OPTIMIZATION_LEVEL = "-Owholemodule";
				VALIDATE_PRODUCT = YES;
			};
			name = Release;
		};
		955A0F311F7D39430027083A /* Debug */ = {
			isa = XCBuildConfiguration;
			buildSettings = {
				ASSETCATALOG_COMPILER_APPICON_NAME = AppIcon;
				CODE_SIGN_STYLE = Automatic;
				DEVELOPMENT_TEAM = WZ34EG7MJP;
				INFOPLIST_FILE = "coder-swag/Info.plist";
				LD_RUNPATH_SEARCH_PATHS = "$(inherited) @executable_path/Frameworks";
				PRODUCT_BUNDLE_IDENTIFIER = "com.dennismagnusson.coder-swag";
				PRODUCT_NAME = "$(TARGET_NAME)";
				SWIFT_VERSION = 4.0;
				TARGETED_DEVICE_FAMILY = "1,2";
			};
			name = Debug;
		};
		955A0F321F7D39430027083A /* Release */ = {
			isa = XCBuildConfiguration;
			buildSettings = {
				ASSETCATALOG_COMPILER_APPICON_NAME = AppIcon;
				CODE_SIGN_STYLE = Automatic;
				DEVELOPMENT_TEAM = WZ34EG7MJP;
				INFOPLIST_FILE = "coder-swag/Info.plist";
				LD_RUNPATH_SEARCH_PATHS = "$(inherited) @executable_path/Frameworks";
				PRODUCT_BUNDLE_IDENTIFIER = "com.dennismagnusson.coder-swag";
				PRODUCT_NAME = "$(TARGET_NAME)";
				SWIFT_VERSION = 4.0;
				TARGETED_DEVICE_FAMILY = "1,2";
			};
			name = Release;
		};
/* End XCBuildConfiguration section */

/* Begin XCConfigurationList section */
		955A0F191F7D39430027083A /* Build configuration list for PBXProject "coder-swag" */ = {
			isa = XCConfigurationList;
			buildConfigurations = (
				955A0F2E1F7D39430027083A /* Debug */,
				955A0F2F1F7D39430027083A /* Release */,
			);
			defaultConfigurationIsVisible = 0;
			defaultConfigurationName = Release;
		};
		955A0F301F7D39430027083A /* Build configuration list for PBXNativeTarget "coder-swag" */ = {
			isa = XCConfigurationList;
			buildConfigurations = (
				955A0F311F7D39430027083A /* Debug */,
				955A0F321F7D39430027083A /* Release */,
			);
			defaultConfigurationIsVisible = 0;
			defaultConfigurationName = Release;
		};
/* End XCConfigurationList section */
	};
	rootObject = 955A0F161F7D39430027083A /* Project object */;
}
